
Microsoft Visual Studio Solution File, Format Version 12.00
# Visual Studio 15
VisualStudioVersion = 15.0.28010.2036
MinimumVisualStudioVersion = 10.0.40219.1
Project("{FAE04EC0-301F-11D3-BF4B-00C04F79EFBC}") = "EliteFS", "EliteFS\EliteFS.csproj", "{69654660-FE4F-4715-80AD-5C391BFB7679}"
EndProject
Global
	GlobalSection(SolutionConfigurationPlatforms) = preSolution
		Debug|Any CPU = Debug|Any CPU
		Release|Any CPU = Release|Any CPU
	EndGlobalSection
	GlobalSection(ProjectConfigurationPlatforms) = postSolution
		{69654660-FE4F-4715-80AD-5C391BFB7679}.Debug|Any CPU.ActiveCfg = Debug|Any CPU
		{69654660-FE4F-4715-80AD-5C391BFB7679}.Debug|Any CPU.Build.0 = Debug|Any CPU
		{69654660-FE4F-4715-80AD-5C391BFB7679}.Release|Any CPU.ActiveCfg = Release|Any CPU
		{69654660-FE4F-4715-80AD-5C391BFB7679}.Release|Any CPU.Build.0 = Release|Any CPU
	EndGlobalSection
	GlobalSection(SolutionProperties) = preSolution
		HideSolutionNode = FALSE
	EndGlobalSection
	GlobalSection(ExtensibilityGlobals) = postSolution
		SolutionGuid = {2015B16A-AA9B-4F1C-AF87-560470B5C078}
	EndGlobalSection
EndGlobal
